// !$*UTF8*$!
{
	archiveVersion = 1;
	classes = {
	};
	objectVersion = 48;
	objects = {

/* Begin PBXBuildFile section */
		2141729420B164F30050A7E1 /* SettingManager.swift in Sources */ = {isa = PBXBuildFile; fileRef = 2141729320B164F30050A7E1 /* SettingManager.swift */; };
		2142515820B03579009DB0D1 /* SettingViewController.swift in Sources */ = {isa = PBXBuildFile; fileRef = 2142515720B03579009DB0D1 /* SettingViewController.swift */; };
		52ECEE5A27A1923253817277 /* Pods_project3_group_26UITests.framework in Frameworks */ = {isa = PBXBuildFile; fileRef = B2DCFA354518FC5D63CE9FCB /* Pods_project3_group_26UITests.framework */; };
		5D94ED7CE8A3436AF3133E6A /* Pods_project3_group_26.framework in Frameworks */ = {isa = PBXBuildFile; fileRef = 53F504AC2AA9E09D537879D6 /* Pods_project3_group_26.framework */; };
		7EC75357C61502375CF97108 /* Pods_project3_group_26Tests.framework in Frameworks */ = {isa = PBXBuildFile; fileRef = DA2A0B1DC2AF641D67780030 /* Pods_project3_group_26Tests.framework */; };
		E75F05AE20AE8E82009FC568 /* MapViewController.swift in Sources */ = {isa = PBXBuildFile; fileRef = E75F05AD20AE8E82009FC568 /* MapViewController.swift */; };
		E75F05B020AE99B2009FC568 /* Speech.swift in Sources */ = {isa = PBXBuildFile; fileRef = E75F05AF20AE99B2009FC568 /* Speech.swift */; };
		E7A43B5620A9628E00DCFF50 /* AppDelegate.swift in Sources */ = {isa = PBXBuildFile; fileRef = E7A43B5520A9628E00DCFF50 /* AppDelegate.swift */; };
		E7A43B5820A9628E00DCFF50 /* ViewController.swift in Sources */ = {isa = PBXBuildFile; fileRef = E7A43B5720A9628E00DCFF50 /* ViewController.swift */; };
		E7A43B5B20A9628E00DCFF50 /* Main.storyboard in Resources */ = {isa = PBXBuildFile; fileRef = E7A43B5920A9628E00DCFF50 /* Main.storyboard */; };
		E7A43B5D20A9628F00DCFF50 /* Assets.xcassets in Resources */ = {isa = PBXBuildFile; fileRef = E7A43B5C20A9628F00DCFF50 /* Assets.xcassets */; };
		E7A43B6020A9628F00DCFF50 /* LaunchScreen.storyboard in Resources */ = {isa = PBXBuildFile; fileRef = E7A43B5E20A9628F00DCFF50 /* LaunchScreen.storyboard */; };
		E7A43B6B20A9628F00DCFF50 /* project3_group_26Tests.swift in Sources */ = {isa = PBXBuildFile; fileRef = E7A43B6A20A9628F00DCFF50 /* project3_group_26Tests.swift */; };
		E7A43B7620A9628F00DCFF50 /* project3_group_26UITests.swift in Sources */ = {isa = PBXBuildFile; fileRef = E7A43B7520A9628F00DCFF50 /* project3_group_26UITests.swift */; };
		E7FF68DE20B13799002D58FD /* Nearby_Places.swift in Sources */ = {isa = PBXBuildFile; fileRef = E7FF68DD20B13799002D58FD /* Nearby_Places.swift */; };
/* End PBXBuildFile section */

/* Begin PBXContainerItemProxy section */
		E7A43B6720A9628F00DCFF50 /* PBXContainerItemProxy */ = {
			isa = PBXContainerItemProxy;
			containerPortal = E7A43B4A20A9628D00DCFF50 /* Project object */;
			proxyType = 1;
			remoteGlobalIDString = E7A43B5120A9628D00DCFF50;
			remoteInfo = "project3-group-26";
		};
		E7A43B7220A9628F00DCFF50 /* PBXContainerItemProxy */ = {
			isa = PBXContainerItemProxy;
			containerPortal = E7A43B4A20A9628D00DCFF50 /* Project object */;
			proxyType = 1;
			remoteGlobalIDString = E7A43B5120A9628D00DCFF50;
			remoteInfo = "project3-group-26";
		};
/* End PBXContainerItemProxy section */

/* Begin PBXFileReference section */
		2141729320B164F30050A7E1 /* SettingManager.swift */ = {isa = PBXFileReference; fileEncoding = 4; lastKnownFileType = sourcecode.swift; path = SettingManager.swift; sourceTree = "<group>"; };
		2142515720B03579009DB0D1 /* SettingViewController.swift */ = {isa = PBXFileReference; lastKnownFileType = sourcecode.swift; path = SettingViewController.swift; sourceTree = "<group>"; };
		53F504AC2AA9E09D537879D6 /* Pods_project3_group_26.framework */ = {isa = PBXFileReference; explicitFileType = wrapper.framework; includeInIndex = 0; path = Pods_project3_group_26.framework; sourceTree = BUILT_PRODUCTS_DIR; };
		5F4B2547A7C92FC4D35B4DC8 /* Pods-project3-group-26UITests.release.xcconfig */ = {isa = PBXFileReference; includeInIndex = 1; lastKnownFileType = text.xcconfig; name = "Pods-project3-group-26UITests.release.xcconfig"; path = "Pods/Target Support Files/Pods-project3-group-26UITests/Pods-project3-group-26UITests.release.xcconfig"; sourceTree = "<group>"; };
		6B83E35ED5825D3B32A72DBB /* Pods-project3-group-26.debug.xcconfig */ = {isa = PBXFileReference; includeInIndex = 1; lastKnownFileType = text.xcconfig; name = "Pods-project3-group-26.debug.xcconfig"; path = "Pods/Target Support Files/Pods-project3-group-26/Pods-project3-group-26.debug.xcconfig"; sourceTree = "<group>"; };
		726CD19BB3A1DB62D941A48D /* Pods-project3-group-26UITests.debug.xcconfig */ = {isa = PBXFileReference; includeInIndex = 1; lastKnownFileType = text.xcconfig; name = "Pods-project3-group-26UITests.debug.xcconfig"; path = "Pods/Target Support Files/Pods-project3-group-26UITests/Pods-project3-group-26UITests.debug.xcconfig"; sourceTree = "<group>"; };
		8B3BABA2272556879D78CC95 /* Pods-project3-group-26.release.xcconfig */ = {isa = PBXFileReference; includeInIndex = 1; lastKnownFileType = text.xcconfig; name = "Pods-project3-group-26.release.xcconfig"; path = "Pods/Target Support Files/Pods-project3-group-26/Pods-project3-group-26.release.xcconfig"; sourceTree = "<group>"; };
		970923B67F36C1F435291D6D /* Pods-project3-group-26Tests.debug.xcconfig */ = {isa = PBXFileReference; includeInIndex = 1; lastKnownFileType = text.xcconfig; name = "Pods-project3-group-26Tests.debug.xcconfig"; path = "Pods/Target Support Files/Pods-project3-group-26Tests/Pods-project3-group-26Tests.debug.xcconfig"; sourceTree = "<group>"; };
		B2DCFA354518FC5D63CE9FCB /* Pods_project3_group_26UITests.framework */ = {isa = PBXFileReference; explicitFileType = wrapper.framework; includeInIndex = 0; path = Pods_project3_group_26UITests.framework; sourceTree = BUILT_PRODUCTS_DIR; };
		C5BF193585ED111DD04FCA1D /* Pods-project3-group-26Tests.release.xcconfig */ = {isa = PBXFileReference; includeInIndex = 1; lastKnownFileType = text.xcconfig; name = "Pods-project3-group-26Tests.release.xcconfig"; path = "Pods/Target Support Files/Pods-project3-group-26Tests/Pods-project3-group-26Tests.release.xcconfig"; sourceTree = "<group>"; };
		DA2A0B1DC2AF641D67780030 /* Pods_project3_group_26Tests.framework */ = {isa = PBXFileReference; explicitFileType = wrapper.framework; includeInIndex = 0; path = Pods_project3_group_26Tests.framework; sourceTree = BUILT_PRODUCTS_DIR; };
		E75F05AD20AE8E82009FC568 /* MapViewController.swift */ = {isa = PBXFileReference; lastKnownFileType = sourcecode.swift; path = MapViewController.swift; sourceTree = "<group>"; };
		E75F05AF20AE99B2009FC568 /* Speech.swift */ = {isa = PBXFileReference; lastKnownFileType = sourcecode.swift; path = Speech.swift; sourceTree = "<group>"; };
		E7A43B5220A9628D00DCFF50 /* project3-group-26.app */ = {isa = PBXFileReference; explicitFileType = wrapper.application; includeInIndex = 0; path = "project3-group-26.app"; sourceTree = BUILT_PRODUCTS_DIR; };
		E7A43B5520A9628E00DCFF50 /* AppDelegate.swift */ = {isa = PBXFileReference; lastKnownFileType = sourcecode.swift; path = AppDelegate.swift; sourceTree = "<group>"; };
		E7A43B5720A9628E00DCFF50 /* ViewController.swift */ = {isa = PBXFileReference; lastKnownFileType = sourcecode.swift; path = ViewController.swift; sourceTree = "<group>"; };
		E7A43B5A20A9628E00DCFF50 /* Base */ = {isa = PBXFileReference; lastKnownFileType = file.storyboard; name = Base; path = Base.lproj/Main.storyboard; sourceTree = "<group>"; };
		E7A43B5C20A9628F00DCFF50 /* Assets.xcassets */ = {isa = PBXFileReference; lastKnownFileType = folder.assetcatalog; path = Assets.xcassets; sourceTree = "<group>"; };
		E7A43B5F20A9628F00DCFF50 /* Base */ = {isa = PBXFileReference; lastKnownFileType = file.storyboard; name = Base; path = Base.lproj/LaunchScreen.storyboard; sourceTree = "<group>"; };
		E7A43B6120A9628F00DCFF50 /* Info.plist */ = {isa = PBXFileReference; lastKnownFileType = text.plist.xml; path = Info.plist; sourceTree = "<group>"; };
		E7A43B6620A9628F00DCFF50 /* project3-group-26Tests.xctest */ = {isa = PBXFileReference; explicitFileType = wrapper.cfbundle; includeInIndex = 0; path = "project3-group-26Tests.xctest"; sourceTree = BUILT_PRODUCTS_DIR; };
		E7A43B6A20A9628F00DCFF50 /* project3_group_26Tests.swift */ = {isa = PBXFileReference; lastKnownFileType = sourcecode.swift; path = project3_group_26Tests.swift; sourceTree = "<group>"; };
		E7A43B6C20A9628F00DCFF50 /* Info.plist */ = {isa = PBXFileReference; lastKnownFileType = text.plist.xml; path = Info.plist; sourceTree = "<group>"; };
		E7A43B7120A9628F00DCFF50 /* project3-group-26UITests.xctest */ = {isa = PBXFileReference; explicitFileType = wrapper.cfbundle; includeInIndex = 0; path = "project3-group-26UITests.xctest"; sourceTree = BUILT_PRODUCTS_DIR; };
		E7A43B7520A9628F00DCFF50 /* project3_group_26UITests.swift */ = {isa = PBXFileReference; lastKnownFileType = sourcecode.swift; path = project3_group_26UITests.swift; sourceTree = "<group>"; };
		E7A43B7720A9628F00DCFF50 /* Info.plist */ = {isa = PBXFileReference; lastKnownFileType = text.plist.xml; path = Info.plist; sourceTree = "<group>"; };
		E7FF68DD20B13799002D58FD /* Nearby_Places.swift */ = {isa = PBXFileReference; lastKnownFileType = sourcecode.swift; path = Nearby_Places.swift; sourceTree = "<group>"; };
/* End PBXFileReference section */

/* Begin PBXFrameworksBuildPhase section */
		E7A43B4F20A9628D00DCFF50 /* Frameworks */ = {
			isa = PBXFrameworksBuildPhase;
			buildActionMask = 2147483647;
			files = (
				5D94ED7CE8A3436AF3133E6A /* Pods_project3_group_26.framework in Frameworks */,
			);
			runOnlyForDeploymentPostprocessing = 0;
		};
		E7A43B6320A9628F00DCFF50 /* Frameworks */ = {
			isa = PBXFrameworksBuildPhase;
			buildActionMask = 2147483647;
			files = (
				7EC75357C61502375CF97108 /* Pods_project3_group_26Tests.framework in Frameworks */,
			);
			runOnlyForDeploymentPostprocessing = 0;
		};
		E7A43B6E20A9628F00DCFF50 /* Frameworks */ = {
			isa = PBXFrameworksBuildPhase;
			buildActionMask = 2147483647;
			files = (
				52ECEE5A27A1923253817277 /* Pods_project3_group_26UITests.framework in Frameworks */,
			);
			runOnlyForDeploymentPostprocessing = 0;
		};
/* End PBXFrameworksBuildPhase section */

/* Begin PBXGroup section */
		41A2E6A64EA1CA8D3DE71E5E /* Pods */ = {
			isa = PBXGroup;
			children = (
				6B83E35ED5825D3B32A72DBB /* Pods-project3-group-26.debug.xcconfig */,
				8B3BABA2272556879D78CC95 /* Pods-project3-group-26.release.xcconfig */,
				970923B67F36C1F435291D6D /* Pods-project3-group-26Tests.debug.xcconfig */,
				C5BF193585ED111DD04FCA1D /* Pods-project3-group-26Tests.release.xcconfig */,
				726CD19BB3A1DB62D941A48D /* Pods-project3-group-26UITests.debug.xcconfig */,
				5F4B2547A7C92FC4D35B4DC8 /* Pods-project3-group-26UITests.release.xcconfig */,
			);
			name = Pods;
			sourceTree = "<group>";
		};
		B301DA78D5E446E50D43F63C /* Frameworks */ = {
			isa = PBXGroup;
			children = (
				53F504AC2AA9E09D537879D6 /* Pods_project3_group_26.framework */,
				DA2A0B1DC2AF641D67780030 /* Pods_project3_group_26Tests.framework */,
				B2DCFA354518FC5D63CE9FCB /* Pods_project3_group_26UITests.framework */,
			);
			name = Frameworks;
			sourceTree = "<group>";
		};
		E7A43B4920A9628D00DCFF50 = {
			isa = PBXGroup;
			children = (
				E7A43B5420A9628D00DCFF50 /* project3-group-26 */,
				E7A43B6920A9628F00DCFF50 /* project3-group-26Tests */,
				E7A43B7420A9628F00DCFF50 /* project3-group-26UITests */,
				E7A43B5320A9628D00DCFF50 /* Products */,
				41A2E6A64EA1CA8D3DE71E5E /* Pods */,
				B301DA78D5E446E50D43F63C /* Frameworks */,
			);
			sourceTree = "<group>";
		};
		E7A43B5320A9628D00DCFF50 /* Products */ = {
			isa = PBXGroup;
			children = (
				E7A43B5220A9628D00DCFF50 /* project3-group-26.app */,
				E7A43B6620A9628F00DCFF50 /* project3-group-26Tests.xctest */,
				E7A43B7120A9628F00DCFF50 /* project3-group-26UITests.xctest */,
			);
			name = Products;
			sourceTree = "<group>";
		};
		E7A43B5420A9628D00DCFF50 /* project3-group-26 */ = {
			isa = PBXGroup;
			children = (
				E7FF68DC20B13761002D58FD /* Model */,
				E7A43B5520A9628E00DCFF50 /* AppDelegate.swift */,
				E7A43B5720A9628E00DCFF50 /* ViewController.swift */,
				E75F05AD20AE8E82009FC568 /* MapViewController.swift */,
				2142515720B03579009DB0D1 /* SettingViewController.swift */,
				E7A43B5920A9628E00DCFF50 /* Main.storyboard */,
				E75F05AF20AE99B2009FC568 /* Speech.swift */,
				E7A43B5C20A9628F00DCFF50 /* Assets.xcassets */,
				E7A43B5E20A9628F00DCFF50 /* LaunchScreen.storyboard */,
				E7A43B6120A9628F00DCFF50 /* Info.plist */,
				2141729320B164F30050A7E1 /* SettingManager.swift */,
			);
			path = "project3-group-26";
			sourceTree = "<group>";
		};
		E7A43B6920A9628F00DCFF50 /* project3-group-26Tests */ = {
			isa = PBXGroup;
			children = (
				E7A43B6A20A9628F00DCFF50 /* project3_group_26Tests.swift */,
				E7A43B6C20A9628F00DCFF50 /* Info.plist */,
			);
			path = "project3-group-26Tests";
			sourceTree = "<group>";
		};
		E7A43B7420A9628F00DCFF50 /* project3-group-26UITests */ = {
			isa = PBXGroup;
			children = (
				E7A43B7520A9628F00DCFF50 /* project3_group_26UITests.swift */,
				E7A43B7720A9628F00DCFF50 /* Info.plist */,
			);
			path = "project3-group-26UITests";
			sourceTree = "<group>";
		};
		E7FF68DC20B13761002D58FD /* Model */ = {
			isa = PBXGroup;
			children = (
				E7FF68DD20B13799002D58FD /* Nearby_Places.swift */,
			);
			path = Model;
			sourceTree = "<group>";
		};
/* End PBXGroup section */

/* Begin PBXNativeTarget section */
		E7A43B5120A9628D00DCFF50 /* project3-group-26 */ = {
			isa = PBXNativeTarget;
			buildConfigurationList = E7A43B7A20A9628F00DCFF50 /* Build configuration list for PBXNativeTarget "project3-group-26" */;
			buildPhases = (
				285B6D3D870BBF082C6CFF6D /* [CP] Check Pods Manifest.lock */,
				E7A43B4E20A9628D00DCFF50 /* Sources */,
				E7A43B4F20A9628D00DCFF50 /* Frameworks */,
				E7A43B5020A9628D00DCFF50 /* Resources */,
				A77CA0F1FB8AA969BCF55997 /* [CP] Embed Pods Frameworks */,
				D63C7178913A48A6491ED907 /* [CP] Copy Pods Resources */,
			);
			buildRules = (
			);
			dependencies = (
			);
			name = "project3-group-26";
			productName = "project3-group-26";
			productReference = E7A43B5220A9628D00DCFF50 /* project3-group-26.app */;
			productType = "com.apple.product-type.application";
		};
		E7A43B6520A9628F00DCFF50 /* project3-group-26Tests */ = {
			isa = PBXNativeTarget;
			buildConfigurationList = E7A43B7D20A9628F00DCFF50 /* Build configuration list for PBXNativeTarget "project3-group-26Tests" */;
			buildPhases = (
				FA5037E3ED099EA63B70398D /* [CP] Check Pods Manifest.lock */,
				E7A43B6220A9628F00DCFF50 /* Sources */,
				E7A43B6320A9628F00DCFF50 /* Frameworks */,
				E7A43B6420A9628F00DCFF50 /* Resources */,
			);
			buildRules = (
			);
			dependencies = (
				E7A43B6820A9628F00DCFF50 /* PBXTargetDependency */,
			);
			name = "project3-group-26Tests";
			productName = "project3-group-26Tests";
			productReference = E7A43B6620A9628F00DCFF50 /* project3-group-26Tests.xctest */;
			productType = "com.apple.product-type.bundle.unit-test";
		};
		E7A43B7020A9628F00DCFF50 /* project3-group-26UITests */ = {
			isa = PBXNativeTarget;
			buildConfigurationList = E7A43B8020A9628F00DCFF50 /* Build configuration list for PBXNativeTarget "project3-group-26UITests" */;
			buildPhases = (
				87A43DF9F24CAE8635BFCEC6 /* [CP] Check Pods Manifest.lock */,
				E7A43B6D20A9628F00DCFF50 /* Sources */,
				E7A43B6E20A9628F00DCFF50 /* Frameworks */,
				E7A43B6F20A9628F00DCFF50 /* Resources */,
			);
			buildRules = (
			);
			dependencies = (
				E7A43B7320A9628F00DCFF50 /* PBXTargetDependency */,
			);
			name = "project3-group-26UITests";
			productName = "project3-group-26UITests";
			productReference = E7A43B7120A9628F00DCFF50 /* project3-group-26UITests.xctest */;
			productType = "com.apple.product-type.bundle.ui-testing";
		};
/* End PBXNativeTarget section */

/* Begin PBXProject section */
		E7A43B4A20A9628D00DCFF50 /* Project object */ = {
			isa = PBXProject;
			attributes = {
				LastSwiftUpdateCheck = 0930;
				LastUpgradeCheck = 0930;
				ORGANIZATIONNAME = "group-26";
				TargetAttributes = {
					E7A43B5120A9628D00DCFF50 = {
						CreatedOnToolsVersion = 9.3;
						ProvisioningStyle = Automatic;
					};
					E7A43B6520A9628F00DCFF50 = {
						CreatedOnToolsVersion = 9.3;
						ProvisioningStyle = Automatic;
						TestTargetID = E7A43B5120A9628D00DCFF50;
					};
					E7A43B7020A9628F00DCFF50 = {
						CreatedOnToolsVersion = 9.3;
						ProvisioningStyle = Automatic;
						TestTargetID = E7A43B5120A9628D00DCFF50;
					};
				};
			};
			buildConfigurationList = E7A43B4D20A9628D00DCFF50 /* Build configuration list for PBXProject "project3-group-26" */;
			compatibilityVersion = "Xcode 8.0";
			developmentRegion = en;
			hasScannedForEncodings = 0;
			knownRegions = (
				en,
				Base,
			);
			mainGroup = E7A43B4920A9628D00DCFF50;
			productRefGroup = E7A43B5320A9628D00DCFF50 /* Products */;
			projectDirPath = "";
			projectRoot = "";
			targets = (
				E7A43B5120A9628D00DCFF50 /* project3-group-26 */,
				E7A43B6520A9628F00DCFF50 /* project3-group-26Tests */,
				E7A43B7020A9628F00DCFF50 /* project3-group-26UITests */,
			);
		};
/* End PBXProject section */

/* Begin PBXResourcesBuildPhase section */
		E7A43B5020A9628D00DCFF50 /* Resources */ = {
			isa = PBXResourcesBuildPhase;
			buildActionMask = 2147483647;
			files = (
				E7A43B6020A9628F00DCFF50 /* LaunchScreen.storyboard in Resources */,
				E7A43B5D20A9628F00DCFF50 /* Assets.xcassets in Resources */,
				E7A43B5B20A9628E00DCFF50 /* Main.storyboard in Resources */,
			);
			runOnlyForDeploymentPostprocessing = 0;
		};
		E7A43B6420A9628F00DCFF50 /* Resources */ = {
			isa = PBXResourcesBuildPhase;
			buildActionMask = 2147483647;
			files = (
			);
			runOnlyForDeploymentPostprocessing = 0;
		};
		E7A43B6F20A9628F00DCFF50 /* Resources */ = {
			isa = PBXResourcesBuildPhase;
			buildActionMask = 2147483647;
			files = (
			);
			runOnlyForDeploymentPostprocessing = 0;
		};
/* End PBXResourcesBuildPhase section */

/* Begin PBXShellScriptBuildPhase section */
		285B6D3D870BBF082C6CFF6D /* [CP] Check Pods Manifest.lock */ = {
			isa = PBXShellScriptBuildPhase;
			buildActionMask = 2147483647;
			files = (
			);
			inputPaths = (
				"${PODS_PODFILE_DIR_PATH}/Podfile.lock",
				"${PODS_ROOT}/Manifest.lock",
			);
			name = "[CP] Check Pods Manifest.lock";
			outputPaths = (
				"$(DERIVED_FILE_DIR)/Pods-project3-group-26-checkManifestLockResult.txt",
			);
			runOnlyForDeploymentPostprocessing = 0;
			shellPath = /bin/sh;
			shellScript = "diff \"${PODS_PODFILE_DIR_PATH}/Podfile.lock\" \"${PODS_ROOT}/Manifest.lock\" > /dev/null\nif [ $? != 0 ] ; then\n    # print error to STDERR\n    echo \"error: The sandbox is not in sync with the Podfile.lock. Run 'pod install' or update your CocoaPods installation.\" >&2\n    exit 1\nfi\n# This output is used by Xcode 'outputs' to avoid re-running this script phase.\necho \"SUCCESS\" > \"${SCRIPT_OUTPUT_FILE_0}\"\n";
			showEnvVarsInLog = 0;
		};
		87A43DF9F24CAE8635BFCEC6 /* [CP] Check Pods Manifest.lock */ = {
			isa = PBXShellScriptBuildPhase;
			buildActionMask = 2147483647;
			files = (
			);
			inputPaths = (
				"${PODS_PODFILE_DIR_PATH}/Podfile.lock",
				"${PODS_ROOT}/Manifest.lock",
			);
			name = "[CP] Check Pods Manifest.lock";
			outputPaths = (
				"$(DERIVED_FILE_DIR)/Pods-project3-group-26UITests-checkManifestLockResult.txt",
			);
			runOnlyForDeploymentPostprocessing = 0;
			shellPath = /bin/sh;
			shellScript = "diff \"${PODS_PODFILE_DIR_PATH}/Podfile.lock\" \"${PODS_ROOT}/Manifest.lock\" > /dev/null\nif [ $? != 0 ] ; then\n    # print error to STDERR\n    echo \"error: The sandbox is not in sync with the Podfile.lock. Run 'pod install' or update your CocoaPods installation.\" >&2\n    exit 1\nfi\n# This output is used by Xcode 'outputs' to avoid re-running this script phase.\necho \"SUCCESS\" > \"${SCRIPT_OUTPUT_FILE_0}\"\n";
			showEnvVarsInLog = 0;
		};
		A77CA0F1FB8AA969BCF55997 /* [CP] Embed Pods Frameworks */ = {
			isa = PBXShellScriptBuildPhase;
			buildActionMask = 2147483647;
			files = (
			);
			inputPaths = (
				"${SRCROOT}/Pods/Target Support Files/Pods-project3-group-26/Pods-project3-group-26-frameworks.sh",
				"${BUILT_PRODUCTS_DIR}/Alamofire/Alamofire.framework",
				"${BUILT_PRODUCTS_DIR}/SwiftyJSON/SwiftyJSON.framework",
			);
			name = "[CP] Embed Pods Frameworks";
			outputPaths = (
				"${TARGET_BUILD_DIR}/${FRAMEWORKS_FOLDER_PATH}/Alamofire.framework",
				"${TARGET_BUILD_DIR}/${FRAMEWORKS_FOLDER_PATH}/SwiftyJSON.framework",
			);
			runOnlyForDeploymentPostprocessing = 0;
			shellPath = /bin/sh;
			shellScript = "\"${SRCROOT}/Pods/Target Support Files/Pods-project3-group-26/Pods-project3-group-26-frameworks.sh\"\n";
			showEnvVarsInLog = 0;
		};
		D63C7178913A48A6491ED907 /* [CP] Copy Pods Resources */ = {
			isa = PBXShellScriptBuildPhase;
			buildActionMask = 2147483647;
			files = (
			);
			inputPaths = (
				"${SRCROOT}/Pods/Target Support Files/Pods-project3-group-26/Pods-project3-group-26-resources.sh",
				"${PODS_ROOT}/GoogleMaps/Maps/Frameworks/GoogleMaps.framework/Resources/GoogleMaps.bundle",
				"${PODS_ROOT}/GooglePlacePicker/Frameworks/GooglePlacePicker.framework/Resources/GooglePlacePicker.bundle",
				"${PODS_ROOT}/GooglePlaces/Frameworks/GooglePlaces.framework/Resources/GooglePlaces.bundle",
			);
			name = "[CP] Copy Pods Resources";
			outputPaths = (
				"${TARGET_BUILD_DIR}/${UNLOCALIZED_RESOURCES_FOLDER_PATH}/GoogleMaps.bundle",
				"${TARGET_BUILD_DIR}/${UNLOCALIZED_RESOURCES_FOLDER_PATH}/GooglePlacePicker.bundle",
				"${TARGET_BUILD_DIR}/${UNLOCALIZED_RESOURCES_FOLDER_PATH}/GooglePlaces.bundle",
			);
			runOnlyForDeploymentPostprocessing = 0;
			shellPath = /bin/sh;
			shellScript = "\"${SRCROOT}/Pods/Target Support Files/Pods-project3-group-26/Pods-project3-group-26-resources.sh\"\n";
			showEnvVarsInLog = 0;
		};
		FA5037E3ED099EA63B70398D /* [CP] Check Pods Manifest.lock */ = {
			isa = PBXShellScriptBuildPhase;
			buildActionMask = 2147483647;
			files = (
			);
			inputPaths = (
				"${PODS_PODFILE_DIR_PATH}/Podfile.lock",
				"${PODS_ROOT}/Manifest.lock",
			);
			name = "[CP] Check Pods Manifest.lock";
			outputPaths = (
				"$(DERIVED_FILE_DIR)/Pods-project3-group-26Tests-checkManifestLockResult.txt",
			);
			runOnlyForDeploymentPostprocessing = 0;
			shellPath = /bin/sh;
			shellScript = "diff \"${PODS_PODFILE_DIR_PATH}/Podfile.lock\" \"${PODS_ROOT}/Manifest.lock\" > /dev/null\nif [ $? != 0 ] ; then\n    # print error to STDERR\n    echo \"error: The sandbox is not in sync with the Podfile.lock. Run 'pod install' or update your CocoaPods installation.\" >&2\n    exit 1\nfi\n# This output is used by Xcode 'outputs' to avoid re-running this script phase.\necho \"SUCCESS\" > \"${SCRIPT_OUTPUT_FILE_0}\"\n";
			showEnvVarsInLog = 0;
		};
/* End PBXShellScriptBuildPhase section */

/* Begin PBXSourcesBuildPhase section */
		E7A43B4E20A9628D00DCFF50 /* Sources */ = {
			isa = PBXSourcesBuildPhase;
			buildActionMask = 2147483647;
			files = (
				E7FF68DE20B13799002D58FD /* Nearby_Places.swift in Sources */,
				2141729420B164F30050A7E1 /* SettingManager.swift in Sources */,
				2142515820B03579009DB0D1 /* SettingViewController.swift in Sources */,
				E7A43B5820A9628E00DCFF50 /* ViewController.swift in Sources */,
				E75F05AE20AE8E82009FC568 /* MapViewController.swift in Sources */,
				E7A43B5620A9628E00DCFF50 /* AppDelegate.swift in Sources */,
				E75F05B020AE99B2009FC568 /* Speech.swift in Sources */,
			);
			runOnlyForDeploymentPostprocessing = 0;
		};
		E7A43B6220A9628F00DCFF50 /* Sources */ = {
			isa = PBXSourcesBuildPhase;
			buildActionMask = 2147483647;
			files = (
				E7A43B6B20A9628F00DCFF50 /* project3_group_26Tests.swift in Sources */,
			);
			runOnlyForDeploymentPostprocessing = 0;
		};
		E7A43B6D20A9628F00DCFF50 /* Sources */ = {
			isa = PBXSourcesBuildPhase;
			buildActionMask = 2147483647;
			files = (
				E7A43B7620A9628F00DCFF50 /* project3_group_26UITests.swift in Sources */,
			);
			runOnlyForDeploymentPostprocessing = 0;
		};
/* End PBXSourcesBuildPhase section */

/* Begin PBXTargetDependency section */
		E7A43B6820A9628F00DCFF50 /* PBXTargetDependency */ = {
			isa = PBXTargetDependency;
			target = E7A43B5120A9628D00DCFF50 /* project3-group-26 */;
			targetProxy = E7A43B6720A9628F00DCFF50 /* PBXContainerItemProxy */;
		};
		E7A43B7320A9628F00DCFF50 /* PBXTargetDependency */ = {
			isa = PBXTargetDependency;
			target = E7A43B5120A9628D00DCFF50 /* project3-group-26 */;
			targetProxy = E7A43B7220A9628F00DCFF50 /* PBXContainerItemProxy */;
		};
/* End PBXTargetDependency section */

/* Begin PBXVariantGroup section */
		E7A43B5920A9628E00DCFF50 /* Main.storyboard */ = {
			isa = PBXVariantGroup;
			children = (
				E7A43B5A20A9628E00DCFF50 /* Base */,
			);
			name = Main.storyboard;
			sourceTree = "<group>";
		};
		E7A43B5E20A9628F00DCFF50 /* LaunchScreen.storyboard */ = {
			isa = PBXVariantGroup;
			children = (
				E7A43B5F20A9628F00DCFF50 /* Base */,
			);
			name = LaunchScreen.storyboard;
			sourceTree = "<group>";
		};
/* End PBXVariantGroup section */

/* Begin XCBuildConfiguration section */
		E7A43B7820A9628F00DCFF50 /* Debug */ = {
			isa = XCBuildConfiguration;
			buildSettings = {
				ALWAYS_SEARCH_USER_PATHS = NO;
				CLANG_ANALYZER_NONNULL = YES;
				CLANG_ANALYZER_NUMBER_OBJECT_CONVERSION = YES_AGGRESSIVE;
				CLANG_CXX_LANGUAGE_STANDARD = "gnu++14";
				CLANG_CXX_LIBRARY = "libc++";
				CLANG_ENABLE_MODULES = YES;
				CLANG_ENABLE_OBJC_ARC = YES;
				CLANG_ENABLE_OBJC_WEAK = YES;
				CLANG_WARN_BLOCK_CAPTURE_AUTORELEASING = YES;
				CLANG_WARN_BOOL_CONVERSION = YES;
				CLANG_WARN_COMMA = YES;
				CLANG_WARN_CONSTANT_CONVERSION = YES;
				CLANG_WARN_DEPRECATED_OBJC_IMPLEMENTATIONS = YES;
				CLANG_WARN_DIRECT_OBJC_ISA_USAGE = YES_ERROR;
				CLANG_WARN_DOCUMENTATION_COMMENTS = YES;
				CLANG_WARN_EMPTY_BODY = YES;
				CLANG_WARN_ENUM_CONVERSION = YES;
				CLANG_WARN_INFINITE_RECURSION = YES;
				CLANG_WARN_INT_CONVERSION = YES;
				CLANG_WARN_NON_LITERAL_NULL_CONVERSION = YES;
				CLANG_WARN_OBJC_IMPLICIT_RETAIN_SELF = YES;
				CLANG_WARN_OBJC_LITERAL_CONVERSION = YES;
				CLANG_WARN_OBJC_ROOT_CLASS = YES_ERROR;
				CLANG_WARN_RANGE_LOOP_ANALYSIS = YES;
				CLANG_WARN_STRICT_PROTOTYPES = YES;
				CLANG_WARN_SUSPICIOUS_MOVE = YES;
				CLANG_WARN_UNGUARDED_AVAILABILITY = YES_AGGRESSIVE;
				CLANG_WARN_UNREACHABLE_CODE = YES;
				CLANG_WARN__DUPLICATE_METHOD_MATCH = YES;
				CODE_SIGN_IDENTITY = "iPhone Developer";
				COPY_PHASE_STRIP = NO;
				DEBUG_INFORMATION_FORMAT = dwarf;
				ENABLE_STRICT_OBJC_MSGSEND = YES;
				ENABLE_TESTABILITY = YES;
				GCC_C_LANGUAGE_STANDARD = gnu11;
				GCC_DYNAMIC_NO_PIC = NO;
				GCC_NO_COMMON_BLOCKS = YES;
				GCC_OPTIMIZATION_LEVEL = 0;
				GCC_PREPROCESSOR_DEFINITIONS = (
					"DEBUG=1",
					"$(inherited)",
				);
				GCC_WARN_64_TO_32_BIT_CONVERSION = YES;
				GCC_WARN_ABOUT_RETURN_TYPE = YES_ERROR;
				GCC_WARN_UNDECLARED_SELECTOR = YES;
				GCC_WARN_UNINITIALIZED_AUTOS = YES_AGGRESSIVE;
				GCC_WARN_UNUSED_FUNCTION = YES;
				GCC_WARN_UNUSED_VARIABLE = YES;
				IPHONEOS_DEPLOYMENT_TARGET = 11.3;
				MTL_ENABLE_DEBUG_INFO = YES;
				ONLY_ACTIVE_ARCH = YES;
				SDKROOT = iphoneos;
				SWIFT_ACTIVE_COMPILATION_CONDITIONS = DEBUG;
				SWIFT_OPTIMIZATION_LEVEL = "-Onone";
			};
			name = Debug;
		};
		E7A43B7920A9628F00DCFF50 /* Release */ = {
			isa = XCBuildConfiguration;
			buildSettings = {
				ALWAYS_SEARCH_USER_PATHS = NO;
				CLANG_ANALYZER_NONNULL = YES;
				CLANG_ANALYZER_NUMBER_OBJECT_CONVERSION = YES_AGGRESSIVE;
				CLANG_CXX_LANGUAGE_STANDARD = "gnu++14";
				CLANG_CXX_LIBRARY = "libc++";
				CLANG_ENABLE_MODULES = YES;
				CLANG_ENABLE_OBJC_ARC = YES;
				CLANG_ENABLE_OBJC_WEAK = YES;
				CLANG_WARN_BLOCK_CAPTURE_AUTORELEASING = YES;
				CLANG_WARN_BOOL_CONVERSION = YES;
				CLANG_WARN_COMMA = YES;
				CLANG_WARN_CONSTANT_CONVERSION = YES;
				CLANG_WARN_DEPRECATED_OBJC_IMPLEMENTATIONS = YES;
				CLANG_WARN_DIRECT_OBJC_ISA_USAGE = YES_ERROR;
				CLANG_WARN_DOCUMENTATION_COMMENTS = YES;
				CLANG_WARN_EMPTY_BODY = YES;
				CLANG_WARN_ENUM_CONVERSION = YES;
				CLANG_WARN_INFINITE_RECURSION = YES;
				CLANG_WARN_INT_CONVERSION = YES;
				CLANG_WARN_NON_LITERAL_NULL_CONVERSION = YES;
				CLANG_WARN_OBJC_IMPLICIT_RETAIN_SELF = YES;
				CLANG_WARN_OBJC_LITERAL_CONVERSION = YES;
				CLANG_WARN_OBJC_ROOT_CLASS = YES_ERROR;
				CLANG_WARN_RANGE_LOOP_ANALYSIS = YES;
				CLANG_WARN_STRICT_PROTOTYPES = YES;
				CLANG_WARN_SUSPICIOUS_MOVE = YES;
				CLANG_WARN_UNGUARDED_AVAILABILITY = YES_AGGRESSIVE;
				CLANG_WARN_UNREACHABLE_CODE = YES;
				CLANG_WARN__DUPLICATE_METHOD_MATCH = YES;
				CODE_SIGN_IDENTITY = "iPhone Developer";
				COPY_PHASE_STRIP = NO;
				DEBUG_INFORMATION_FORMAT = "dwarf-with-dsym";
				ENABLE_NS_ASSERTIONS = NO;
				ENABLE_STRICT_OBJC_MSGSEND = YES;
				GCC_C_LANGUAGE_STANDARD = gnu11;
				GCC_NO_COMMON_BLOCKS = YES;
				GCC_WARN_64_TO_32_BIT_CONVERSION = YES;
				GCC_WARN_ABOUT_RETURN_TYPE = YES_ERROR;
				GCC_WARN_UNDECLARED_SELECTOR = YES;
				GCC_WARN_UNINITIALIZED_AUTOS = YES_AGGRESSIVE;
				GCC_WARN_UNUSED_FUNCTION = YES;
				GCC_WARN_UNUSED_VARIABLE = YES;
				IPHONEOS_DEPLOYMENT_TARGET = 11.3;
				MTL_ENABLE_DEBUG_INFO = NO;
				SDKROOT = iphoneos;
				SWIFT_OPTIMIZATION_LEVEL = "-Owholemodule";
				VALIDATE_PRODUCT = YES;
			};
			name = Release;
		};
		E7A43B7B20A9628F00DCFF50 /* Debug */ = {
			isa = XCBuildConfiguration;
			baseConfigurationReference = 6B83E35ED5825D3B32A72DBB /* Pods-project3-group-26.debug.xcconfig */;
			buildSettings = {
				ASSETCATALOG_COMPILER_APPICON_NAME = AppIcon;
				CODE_SIGN_STYLE = Automatic;
				INFOPLIST_FILE = "project3-group-26/Info.plist";
				IPHONEOS_DEPLOYMENT_TARGET = 11.2;
				LD_RUNPATH_SEARCH_PATHS = "$(inherited) @executable_path/Frameworks";
				PRODUCT_BUNDLE_IDENTIFIER = "UTS-IOS.project3-group-26";
				PRODUCT_NAME = "$(TARGET_NAME)";
				SWIFT_VERSION = 4.0;
				TARGETED_DEVICE_FAMILY = "1,2";
			};
			name = Debug;
		};
		E7A43B7C20A9628F00DCFF50 /* Release */ = {
			isa = XCBuildConfiguration;
			baseConfigurationReference = 8B3BABA2272556879D78CC95 /* Pods-project3-group-26.release.xcconfig */;
			buildSettings = {
				ASSETCATALOG_COMPILER_APPICON_NAME = AppIcon;
				CODE_SIGN_STYLE = Automatic;
				INFOPLIST_FILE = "project3-group-26/Info.plist";
				IPHONEOS_DEPLOYMENT_TARGET = 11.2;
				LD_RUNPATH_SEARCH_PATHS = "$(inherited) @executable_path/Frameworks";
				PRODUCT_BUNDLE_IDENTIFIER = "UTS-IOS.project3-group-26";
				PRODUCT_NAME = "$(TARGET_NAME)";
				SWIFT_VERSION = 4.0;
				TARGETED_DEVICE_FAMILY = "1,2";
			};
			name = Release;
		};
		E7A43B7E20A9628F00DCFF50 /* Debug */ = {
			isa = XCBuildConfiguration;
			baseConfigurationReference = 970923B67F36C1F435291D6D /* Pods-project3-group-26Tests.debug.xcconfig */;
			buildSettings = {
				ALWAYS_EMBED_SWIFT_STANDARD_LIBRARIES = YES;
				BUNDLE_LOADER = "$(TEST_HOST)";
				CODE_SIGN_STYLE = Automatic;
				INFOPLIST_FILE = "project3-group-26Tests/Info.plist";
				IPHONEOS_DEPLOYMENT_TARGET = 11.2;
				LD_RUNPATH_SEARCH_PATHS = "$(inherited) @executable_path/Frameworks @loader_path/Frameworks";
				PRODUCT_BUNDLE_IDENTIFIER = "UTS-IOS.project3-group-26Tests";
				PRODUCT_NAME = "$(TARGET_NAME)";
				SWIFT_VERSION = 4.0;
				TARGETED_DEVICE_FAMILY = "1,2";
				TEST_HOST = "$(BUILT_PRODUCTS_DIR)/project3-group-26.app/project3-group-26";
			};
			name = Debug;
		};
		E7A43B7F20A9628F00DCFF50 /* Release */ = {
			isa = XCBuildConfiguration;
			baseConfigurationReference = C5BF193585ED111DD04FCA1D /* Pods-project3-group-26Tests.release.xcconfig */;
			buildSettings = {
				ALWAYS_EMBED_SWIFT_STANDARD_LIBRARIES = YES;
				BUNDLE_LOADER = "$(TEST_HOST)";
				CODE_SIGN_STYLE = Automatic;
				INFOPLIST_FILE = "project3-group-26Tests/Info.plist";
				IPHONEOS_DEPLOYMENT_TARGET = 11.2;
				LD_RUNPATH_SEARCH_PATHS = "$(inherited) @executable_path/Frameworks @loader_path/Frameworks";
				PRODUCT_BUNDLE_IDENTIFIER = "UTS-IOS.project3-group-26Tests";
				PRODUCT_NAME = "$(TARGET_NAME)";
				SWIFT_VERSION = 4.0;
				TARGETED_DEVICE_FAMILY = "1,2";
				TEST_HOST = "$(BUILT_PRODUCTS_DIR)/project3-group-26.app/project3-group-26";
			};
			name = Release;
		};
		E7A43B8120A9628F00DCFF50 /* Debug */ = {
			isa = XCBuildConfiguration;
			baseConfigurationReference = 726CD19BB3A1DB62D941A48D /* Pods-project3-group-26UITests.debug.xcconfig */;
			buildSettings = {
				ALWAYS_EMBED_SWIFT_STANDARD_LIBRARIES = YES;
				CODE_SIGN_STYLE = Automatic;
				INFOPLIST_FILE = "project3-group-26UITests/Info.plist";
				IPHONEOS_DEPLOYMENT_TARGET = 11.2;
				LD_RUNPATH_SEARCH_PATHS = "$(inherited) @executable_path/Frameworks @loader_path/Frameworks";
				PRODUCT_BUNDLE_IDENTIFIER = "UTS-IOS.project3-group-26UITests";
				PRODUCT_NAME = "$(TARGET_NAME)";
				SWIFT_VERSION = 4.0;
				TARGETED_DEVICE_FAMILY = "1,2";
				TEST_TARGET_NAME = "project3-group-26";
			};
			name = Debug;
		};
		E7A43B8220A9628F00DCFF50 /* Release */ = {
			isa = XCBuildConfiguration;
			baseConfigurationReference = 5F4B2547A7C92FC4D35B4DC8 /* Pods-project3-group-26UITests.release.xcconfig */;
			buildSettings = {
				ALWAYS_EMBED_SWIFT_STANDARD_LIBRARIES = YES;
				CODE_SIGN_STYLE = Automatic;
				INFOPLIST_FILE = "project3-group-26UITests/Info.plist";
				IPHONEOS_DEPLOYMENT_TARGET = 11.2;
				LD_RUNPATH_SEARCH_PATHS = "$(inherited) @executable_path/Frameworks @loader_path/Frameworks";
				PRODUCT_BUNDLE_IDENTIFIER = "UTS-IOS.project3-group-26UITests";
				PRODUCT_NAME = "$(TARGET_NAME)";
				SWIFT_VERSION = 4.0;
				TARGETED_DEVICE_FAMILY = "1,2";
				TEST_TARGET_NAME = "project3-group-26";
			};
			name = Release;
		};
/* End XCBuildConfiguration section */

/* Begin XCConfigurationList section */
		E7A43B4D20A9628D00DCFF50 /* Build configuration list for PBXProject "project3-group-26" */ = {
			isa = XCConfigurationList;
			buildConfigurations = (
				E7A43B7820A9628F00DCFF50 /* Debug */,
				E7A43B7920A9628F00DCFF50 /* Release */,
			);
			defaultConfigurationIsVisible = 0;
			defaultConfigurationName = Release;
		};
		E7A43B7A20A9628F00DCFF50 /* Build configuration list for PBXNativeTarget "project3-group-26" */ = {
			isa = XCConfigurationList;
			buildConfigurations = (
				E7A43B7B20A9628F00DCFF50 /* Debug */,
				E7A43B7C20A9628F00DCFF50 /* Release */,
			);
			defaultConfigurationIsVisible = 0;
			defaultConfigurationName = Release;
		};
		E7A43B7D20A9628F00DCFF50 /* Build configuration list for PBXNativeTarget "project3-group-26Tests" */ = {
			isa = XCConfigurationList;
			buildConfigurations = (
				E7A43B7E20A9628F00DCFF50 /* Debug */,
				E7A43B7F20A9628F00DCFF50 /* Release */,
			);
			defaultConfigurationIsVisible = 0;
			defaultConfigurationName = Release;
		};
		E7A43B8020A9628F00DCFF50 /* Build configuration list for PBXNativeTarget "project3-group-26UITests" */ = {
			isa = XCConfigurationList;
			buildConfigurations = (
				E7A43B8120A9628F00DCFF50 /* Debug */,
				E7A43B8220A9628F00DCFF50 /* Release */,
			);
			defaultConfigurationIsVisible = 0;
			defaultConfigurationName = Release;
		};
/* End XCConfigurationList section */
	};
	rootObject = E7A43B4A20A9628D00DCFF50 /* Project object */;
}
